
Microsoft Visual Studio Solution File, Format Version 12.00
# Visual Studio Version 16
VisualStudioVersion = 16.0.30611.23
MinimumVisualStudioVersion = 10.0.40219.1
Project("{FAE04EC0-301F-11D3-BF4B-00C04F79EFBC}") = "NTP_TasitOdev.App", "NTP_TasitOdev.App\NTP_TasitOdev.App.csproj", "{B1F3DC0D-3E0D-4390-8466-4C1300D6075C}"
EndProject
Project("{FAE04EC0-301F-11D3-BF4B-00C04F79EFBC}") = "TasitLib", "TasitLib\TasitLib.csproj", "{1F29AF0F-C30F-44CC-90B9-7A896E078174}"
EndProject
Project("{FAE04EC0-301F-11D3-BF4B-00C04F79EFBC}") = "LogLib", "LogLib\LogLib.csproj", "{09B7C71E-DABD-4BFC-8752-F81547F5808A}"
EndProject
Global
	GlobalSection(SolutionConfigurationPlatforms) = preSolution
		Debug|Any CPU = Debug|Any CPU
		Release|Any CPU = Release|Any CPU
	EndGlobalSection
	GlobalSection(ProjectConfigurationPlatforms) = postSolution
		{B1F3DC0D-3E0D-4390-8466-4C1300D6075C}.Debug|Any CPU.ActiveCfg = Debug|Any CPU
		{B1F3DC0D-3E0D-4390-8466-4C1300D6075C}.Debug|Any CPU.Build.0 = Debug|Any CPU
		{B1F3DC0D-3E0D-4390-8466-4C1300D6075C}.Release|Any CPU.ActiveCfg = Release|Any CPU
		{B1F3DC0D-3E0D-4390-8466-4C1300D6075C}.Release|Any CPU.Build.0 = Release|Any CPU
		{1F29AF0F-C30F-44CC-90B9-7A896E078174}.Debug|Any CPU.ActiveCfg = Debug|Any CPU
		{1F29AF0F-C30F-44CC-90B9-7A896E078174}.Debug|Any CPU.Build.0 = Debug|Any CPU
		{1F29AF0F-C30F-44CC-90B9-7A896E078174}.Release|Any CPU.ActiveCfg = Release|Any CPU
		{1F29AF0F-C30F-44CC-90B9-7A896E078174}.Release|Any CPU.Build.0 = Release|Any CPU
		{09B7C71E-DABD-4BFC-8752-F81547F5808A}.Debug|Any CPU.ActiveCfg = Debug|Any CPU
		{09B7C71E-DABD-4BFC-8752-F81547F5808A}.Debug|Any CPU.Build.0 = Debug|Any CPU
		{09B7C71E-DABD-4BFC-8752-F81547F5808A}.Release|Any CPU.ActiveCfg = Release|Any CPU
		{09B7C71E-DABD-4BFC-8752-F81547F5808A}.Release|Any CPU.Build.0 = Release|Any CPU
	EndGlobalSection
	GlobalSection(SolutionProperties) = preSolution
		HideSolutionNode = FALSE
	EndGlobalSection
	GlobalSection(ExtensibilityGlobals) = postSolution
		SolutionGuid = {E0FABAC6-59DA-416E-8A0D-F61398090C56}
	EndGlobalSection
EndGlobal
